<?xml version="1.0" encoding="utf-8"?>
<Project ToolsVersion="4.0" xmlns="http://schemas.microsoft.com/developer/msbuild/2003">
  <ItemGroup>
    <Filter Include="Source Files">
      <UniqueIdentifier>{4FC737F1-C7A5-4376-A066-2A32D752A2FF}</UniqueIdentifier>
      <Extensions>cpp;c;cc;cxx;def;odl;idl;hpj;bat;asm;asmx</Extensions>
    </Filter>
    <Filter Include="Header Files">
      <UniqueIdentifier>{93995380-89BD-4b04-88EB-625FBE52EBFB}</UniqueIdentifier>
      <Extensions>h;hh;hpp;hxx;hm;inl;inc;ipp;xsd</Extensions>
    </Filter>
    <Filter Include="Resource Files">
      <UniqueIdentifier>{67DA6AB6-F800-4c08-8B7A-83BB121AAD01}</UniqueIdentifier>
      <Extensions>rc;ico;cur;bmp;dlg;rc2;rct;bin;rgs;gif;jpg;jpeg;jpe;resx;tiff;tif;png;wav;mfcribbon-ms</Extensions>
    </Filter>
    <Filter Include="Header Files\Log">
      <UniqueIdentifier>{a0fc91f7-28f9-410a-a5d6-e764db107368}</UniqueIdentifier>
    </Filter>
    <Filter Include="Source Files\Log">
      <UniqueIdentifier>{46504c21-7d1b-41ce-8162-313e49a944ba}</UniqueIdentifier>
    </Filter>
    <Filter Include="Header Files\Framework">
      <UniqueIdentifier>{ff41abe4-d09d-42f2-9ecf-dd28d8fde60c}</UniqueIdentifier>
    </Filter>
    <Filter Include="Source Files\Framework">
      <UniqueIdentifier>{28fedde8-2907-4170-87a8-db6e69860314}</UniqueIdentifier>
    </Filter>
    <Filter Include="Header Files\Stage">
      <UniqueIdentifier>{ac530aa9-f3d3-4263-be7a-fc7bf7b50f9d}</UniqueIdentifier>
    </Filter>
    <Filter Include="Source Files\Stage">
      <UniqueIdentifier>{3dd96311-5628-4fe9-b152-f15e1ac9e871}</UniqueIdentifier>
    </Filter>
    <Filter Include="Header Files\Sprite">
      <UniqueIdentifier>{b8c679cc-38b8-44d6-bd82-4a133a077e5d}</UniqueIdentifier>
    </Filter>
    <Filter Include="Source Files\Sprite">
      <UniqueIdentifier>{b8a15bc9-877d-4c03-8f5b-1077168d033f}</UniqueIdentifier>
    </Filter>
    <Filter Include="Header Files\Object">
      <UniqueIdentifier>{26d76182-a9f9-417c-a498-e3c6494734fa}</UniqueIdentifier>
    </Filter>
    <Filter Include="Source Files\Object">
      <UniqueIdentifier>{264f28cd-e7e8-4fe3-b1ef-168f83c14f88}</UniqueIdentifier>
    </Filter>
    <Filter Include="Source Files\KeyBoard">
      <UniqueIdentifier>{85ec4d48-21dc-4e2a-958f-2f1677ff53f4}</UniqueIdentifier>
    </Filter>
    <Filter Include="Header Files\KeyBoard">
      <UniqueIdentifier>{82a13663-67c7-4a8d-98bd-f1a66a3486a7}</UniqueIdentifier>
    </Filter>
    <Filter Include="Header Files\Board">
      <UniqueIdentifier>{0867b7d9-71c8-42ee-bd86-018d94094bba}</UniqueIdentifier>
    </Filter>
    <Filter Include="Source Files\Board">
      <UniqueIdentifier>{510d239e-3820-4193-857b-336bb223cdab}</UniqueIdentifier>
    </Filter>
  </ItemGroup>
  <ItemGroup>
    <ClCompile Include="Main.cpp">
      <Filter>Source Files</Filter>
    </ClCompile>
    <ClCompile Include="trace.cpp">
      <Filter>Source Files\Log</Filter>
    </ClCompile>
    <ClCompile Include="Game.cpp">
      <Filter>Source Files\Framework</Filter>
    </ClCompile>
    <ClCompile Include="Input.cpp">
      <Filter>Source Files\Framework</Filter>
    </ClCompile>
    <ClCompile Include="Debug.cpp">
      <Filter>Source Files\Log</Filter>
    </ClCompile>
    <ClCompile Include="Stage.cpp">
      <Filter>Source Files\Stage</Filter>
    </ClCompile>
    <ClCompile Include="Object.cpp">
      <Filter>Source Files\Framework</Filter>
    </ClCompile>
    <ClCompile Include="Graphics.cpp">
      <Filter>Source Files\Framework</Filter>
    </ClCompile>
    <ClCompile Include="Texture.cpp">
      <Filter>Source Files\Sprite</Filter>
    </ClCompile>
    <ClCompile Include="Sprite.cpp">
      <Filter>Source Files\Sprite</Filter>
    </ClCompile>
    <ClCompile Include="Camera.cpp">
      <Filter>Source Files\Framework</Filter>
    </ClCompile>
    <ClCompile Include="World.cpp">
      <Filter>Source Files\Framework</Filter>
    </ClCompile>
    <ClCompile Include="ProcessGame.cpp">
      <Filter>Source Files\Framework</Filter>
    </ClCompile>
    <ClCompile Include="Grid.cpp">
      <Filter>Source Files\Framework</Filter>
    </ClCompile>
    <ClCompile Include="MainCharacter.cpp">
      <Filter>Source Files\Object</Filter>
    </ClCompile>
    <ClCompile Include="Stage1.cpp">
      <Filter>Source Files\Stage</Filter>
    </ClCompile>
    <ClCompile Include="Map.cpp">
      <Filter>Source Files\Framework</Filter>
    </ClCompile>
    <ClCompile Include="Brick.cpp">
      <Filter>Source Files\Object</Filter>
    </ClCompile>
    <ClCompile Include="KeyBoard.cpp">
      <Filter>Source Files\KeyBoard</Filter>
    </ClCompile>
    <ClCompile Include="KeyGame.cpp">
      <Filter>Source Files\KeyBoard</Filter>
    </ClCompile>
    <ClCompile Include="Sword.cpp">
      <Filter>Source Files\Object</Filter>
    </ClCompile>
    <ClCompile Include="Ladder.cpp">
      <Filter>Source Files\Object</Filter>
    </ClCompile>
    <ClCompile Include="Stage2.cpp">
      <Filter>Source Files\Stage</Filter>
    </ClCompile>
    <ClCompile Include="Text.cpp">
      <Filter>Source Files\Board</Filter>
    </ClCompile>
    <ClCompile Include="HUD.cpp">
      <Filter>Source Files\Board</Filter>
    </ClCompile>
    <ClCompile Include="Butterfly.cpp">
      <Filter>Source Files\Object</Filter>
    </ClCompile>
    <ClCompile Include="Jaguar.cpp">
      <Filter>Source Files\Object</Filter>
    </ClCompile>
    <ClCompile Include="Zombie.cpp">
      <Filter>Source Files\Object</Filter>
    </ClCompile>
    <ClCompile Include="ZombieSword.cpp">
      <Filter>Source Files\Object</Filter>
    </ClCompile>
    <ClCompile Include="Soldier.cpp">
      <Filter>Source Files\Object</Filter>
    </ClCompile>
    <ClCompile Include="Enemy.cpp">
      <Filter>Source Files\Object</Filter>
    </ClCompile>
    <ClCompile Include="Eagle.cpp">
      <Filter>Source Files\Object</Filter>
    </ClCompile>
    <ClCompile Include="GreenSodier.cpp">
      <Filter>Source Files\Object</Filter>
    </ClCompile>
    <ClCompile Include="Bat.cpp">
      <Filter>Source Files\Object</Filter>
    </ClCompile>
    <ClCompile Include="Stage3.cpp">
      <Filter>Source Files\Stage</Filter>
    </ClCompile>
    <ClCompile Include="Boss.cpp">
      <Filter>Source Files\Object</Filter>
    </ClCompile>
    <ClCompile Include="BossBullet.cpp">
      <Filter>Source Files\Object</Filter>
    </ClCompile>
    <ClCompile Include="HideObject.cpp">
      <Filter>Source Files\Object</Filter>
    </ClCompile>
    <ClCompile Include="Explode.cpp">
      <Filter>Source Files\Object</Filter>
    </ClCompile>
    <ClCompile Include="IntroStage.cpp">
      <Filter>Source Files\Stage</Filter>
    </ClCompile>
  </ItemGroup>
  <ItemGroup>
    <ClInclude Include="trace.h">
      <Filter>Header Files\Log</Filter>
    </ClInclude>
    <ClInclude Include="Game.h">
      <Filter>Header Files\Framework</Filter>
    </ClInclude>
    <ClInclude Include="Input.h">
      <Filter>Header Files\Framework</Filter>
    </ClInclude>
    <ClInclude Include="Debug.h">
      <Filter>Header Files\Log</Filter>
    </ClInclude>
    <ClInclude Include="Stage.h">
      <Filter>Header Files\Stage</Filter>
    </ClInclude>
    <ClInclude Include="Object.h">
      <Filter>Header Files\Framework</Filter>
    </ClInclude>
    <ClInclude Include="Graphic.h">
      <Filter>Header Files\Framework</Filter>
    </ClInclude>
    <ClInclude Include="Define.h">
      <Filter>Header Files\Framework</Filter>
    </ClInclude>
    <ClInclude Include="Texture.h">
      <Filter>Header Files\Sprite</Filter>
    </ClInclude>
    <ClInclude Include="Sprite.h">
      <Filter>Header Files\Sprite</Filter>
    </ClInclude>
    <ClInclude Include="Camera.h">
      <Filter>Header Files\Framework</Filter>
    </ClInclude>
    <ClInclude Include="World.h">
      <Filter>Header Files\Framework</Filter>
    </ClInclude>
    <ClInclude Include="ProcessGame.h">
      <Filter>Header Files\Framework</Filter>
    </ClInclude>
    <ClInclude Include="Grid.h">
      <Filter>Header Files\Framework</Filter>
    </ClInclude>
    <ClInclude Include="MainCharacter.h">
      <Filter>Header Files\Object</Filter>
    </ClInclude>
    <ClInclude Include="Stage1.h">
      <Filter>Header Files\Stage</Filter>
    </ClInclude>
    <ClInclude Include="Map.h">
      <Filter>Header Files\Framework</Filter>
    </ClInclude>
    <ClInclude Include="Brick.h">
      <Filter>Header Files\Object</Filter>
    </ClInclude>
    <ClInclude Include="KeyBoard.h">
      <Filter>Header Files\KeyBoard</Filter>
    </ClInclude>
    <ClInclude Include="KeyGame.h">
      <Filter>Header Files\KeyBoard</Filter>
    </ClInclude>
    <ClInclude Include="Sword.h">
      <Filter>Header Files\Object</Filter>
    </ClInclude>
    <ClInclude Include="Ladder.h">
      <Filter>Header Files\Object</Filter>
    </ClInclude>
    <ClInclude Include="Stage2.h">
      <Filter>Header Files\Stage</Filter>
    </ClInclude>
    <ClInclude Include="Text.h">
      <Filter>Header Files\Board</Filter>
    </ClInclude>
    <ClInclude Include="HUD.h">
      <Filter>Header Files\Board</Filter>
    </ClInclude>
    <ClInclude Include="Butterfly.h">
      <Filter>Header Files\Object</Filter>
    </ClInclude>
    <ClInclude Include="Jaguar.h">
      <Filter>Header Files\Object</Filter>
    </ClInclude>
    <ClInclude Include="Soldier.h">
      <Filter>Header Files\Object</Filter>
    </ClInclude>
    <ClInclude Include="Zombie.h">
      <Filter>Header Files\Object</Filter>
    </ClInclude>
    <ClInclude Include="ZombieSword.h">
      <Filter>Header Files\Object</Filter>
    </ClInclude>
    <ClInclude Include="Enemy.h">
      <Filter>Header Files\Object</Filter>
    </ClInclude>
    <ClInclude Include="Eagle.h">
      <Filter>Header Files\Object</Filter>
    </ClInclude>
    <ClInclude Include="GreenSodier.h">
      <Filter>Header Files\Object</Filter>
    </ClInclude>
    <ClInclude Include="Bat.h">
      <Filter>Header Files\Object</Filter>
    </ClInclude>
    <ClInclude Include="Stage3.h">
      <Filter>Header Files\Stage</Filter>
    </ClInclude>
    <ClInclude Include="Boss.h">
      <Filter>Header Files\Object</Filter>
    </ClInclude>
    <ClInclude Include="BossBullet.h">
      <Filter>Header Files\Object</Filter>
    </ClInclude>
    <ClInclude Include="HideObject.h">
      <Filter>Header Files\Object</Filter>
    </ClInclude>
    <ClInclude Include="Explode.h">
      <Filter>Header Files\Object</Filter>
    </ClInclude>
    <ClInclude Include="IntroStage.h">
      <Filter>Header Files\Stage</Filter>
    </ClInclude>
  </ItemGroup>
</Project>